{
  "nodes": {
    "nixpkgs": {
      "locked": {
        "lastModified": 1779560665,
        "narHash": "sha256-tpyBcxPpcQb8ukyNF7DoCwfSY3VPsxHoYwj00Cayv5o=",
        "owner": "NixOS",
        "repo": "nixpkgs",
        "rev": "64c08a7ca051951c8eae34e3e3cb1e202fe36786",
        "type": "github"
      },
      "original": {
        "owner": "NixOS",
        "ref": "nixos-unstable",
        "repo": "nixpkgs",
        "type": "github"
      }
    },
    "root": {
      "inputs": {
        "nixpkgs": "nixpkgs",
        "thattem-nixos-options": "thattem-nixos-options",
        "thattem-nixpkgs-overlays": "thattem-nixpkgs-overlays"
      }
    },
    "thattem-nixos-options": {
      "locked": {
        "lastModified": 1779852592,
        "narHash": "sha256-PgwhR+TWmzqRgIoa32aKokC2LWNEN5HkNBw1FixSduc=",
        "owner": "thattemperature",
        "repo": "thattem-nixos-options",
        "rev": "634af3f49889c48707597880a0b2aef1ad84722d",
        "type": "github"
      },
      "original": {
        "owner": "thattemperature",
        "repo": "thattem-nixos-options",
        "type": "github"
      }
    },
    "thattem-nixpkgs-overlays": {
      "locked": {
        "lastModified": 1779352067,
        "narHash": "sha256-Kh+62uDUy83lsIpwdMRmCXNvUhCp9MQlg+Bx5Egr8U0=",
        "owner": "thattemperature",
        "repo": "thattem-nixpkgs-overlays",
        "rev": "c588152b3f3534aba858cebbd81c02c2f66655fe",
        "type": "github"
      },
      "original": {
        "owner": "thattemperature",
        "repo": "thattem-nixpkgs-overlays",
        "type": "github"
      }
    }
  },
  "root": "root",
  "version": 7
}
