{
  "nodes": {
    "nixpkgs": {
      "locked": {
        "lastModified": 1779357205,
        "narHash": "sha256-cCO8aTqss5x9Ky8GWkpY0Hy5fyTZEbtifSUV8QjSzic=",
        "owner": "NixOS",
        "repo": "nixpkgs",
        "rev": "f83fc3c307e74bc5fd5adb7eb6b8b13ffd2a36e1",
        "type": "github"
      },
      "original": {
        "owner": "NixOS",
        "ref": "nixos-unstable",
        "repo": "nixpkgs",
        "type": "github"
      }
    },
    "root": {
      "inputs": {
        "nixpkgs": "nixpkgs",
        "thattem-nixos-options": "thattem-nixos-options",
        "thattem-nixpkgs-overlays": "thattem-nixpkgs-overlays"
      }
    },
    "thattem-nixos-options": {
      "locked": {
        "lastModified": 1777713665,
        "narHash": "sha256-GbwsDyNiHkoJCiTfT0PqDz5D7Sp7PcGZeHLInwkWolY=",
        "owner": "thattemperature",
        "repo": "thattem-nixos-options",
        "rev": "3d0baaa410d8b29cfb7172cd073c1119ab98bd00",
        "type": "github"
      },
      "original": {
        "owner": "thattemperature",
        "repo": "thattem-nixos-options",
        "type": "github"
      }
    },
    "thattem-nixpkgs-overlays": {
      "locked": {
        "lastModified": 1779352067,
        "narHash": "sha256-Kh+62uDUy83lsIpwdMRmCXNvUhCp9MQlg+Bx5Egr8U0=",
        "owner": "thattemperature",
        "repo": "thattem-nixpkgs-overlays",
        "rev": "c588152b3f3534aba858cebbd81c02c2f66655fe",
        "type": "github"
      },
      "original": {
        "owner": "thattemperature",
        "repo": "thattem-nixpkgs-overlays",
        "type": "github"
      }
    }
  },
  "root": "root",
  "version": 7
}
